
Microsoft Visual Studio Solution File, Format Version 12.00
# Visual Studio Version 17
VisualStudioVersion = 17.4.33213.308
MinimumVisualStudioVersion = 10.0.40219.1
Project("{FAE04EC0-301F-11D3-BF4B-00C04F79EFBC}") = "CRUDOperationsInNetCore", "CRUDOperationsInNetCore\CRUDOperationsInNetCore.csproj", "{F325CB78-649D-4EDF-AC08-A741F1D3B248}"
EndProject
Global
	GlobalSection(SolutionConfigurationPlatforms) = preSolution
		Debug|Any CPU = Debug|Any CPU
		Release|Any CPU = Release|Any CPU
	EndGlobalSection
	GlobalSection(ProjectConfigurationPlatforms) = postSolution
		{F325CB78-649D-4EDF-AC08-A741F1D3B248}.Debug|Any CPU.ActiveCfg = Debug|Any CPU
		{F325CB78-649D-4EDF-AC08-A741F1D3B248}.Debug|Any CPU.Build.0 = Debug|Any CPU
		{F325CB78-649D-4EDF-AC08-A741F1D3B248}.Release|Any CPU.ActiveCfg = Release|Any CPU
		{F325CB78-649D-4EDF-AC08-A741F1D3B248}.Release|Any CPU.Build.0 = Release|Any CPU
	EndGlobalSection
	GlobalSection(SolutionProperties) = preSolution
		HideSolutionNode = FALSE
	EndGlobalSection
	GlobalSection(ExtensibilityGlobals) = postSolution
		SolutionGuid = {573FBE1C-97BC-4B0B-8A6F-5024F1FC6DEE}
	EndGlobalSection
EndGlobal
